
Microsoft Visual Studio Solution File, Format Version 12.00
# Visual Studio 2012
Project("{FAE04EC0-301F-11D3-BF4B-00C04F79EFBC}") = "Test MVC", "Test MVC\Test MVC.csproj", "{99505160-D18C-4821-B189-359911E8D5F3}"
EndProject
Global
	GlobalSection(SolutionConfigurationPlatforms) = preSolution
		Debug|Any CPU = Debug|Any CPU
		Release|Any CPU = Release|Any CPU
	EndGlobalSection
	GlobalSection(ProjectConfigurationPlatforms) = postSolution
		{99505160-D18C-4821-B189-359911E8D5F3}.Debug|Any CPU.ActiveCfg = Debug|Any CPU
		{99505160-D18C-4821-B189-359911E8D5F3}.Debug|Any CPU.Build.0 = Debug|Any CPU
		{99505160-D18C-4821-B189-359911E8D5F3}.Release|Any CPU.ActiveCfg = Release|Any CPU
		{99505160-D18C-4821-B189-359911E8D5F3}.Release|Any CPU.Build.0 = Release|Any CPU
	EndGlobalSection
	GlobalSection(SolutionProperties) = preSolution
		HideSolutionNode = FALSE
	EndGlobalSection
EndGlobal
